// !$*UTF8*$!
{
	archiveVersion = 1;
	classes = {
	};
	objectVersion = 51;
	objects = {

/* Begin PBXBuildFile section */
		0B3AA0F425AC157400E1E149 /* InitialFavoritesTableViewDelegateDataSource.swift in Sources */ = {isa = PBXBuildFile; fileRef = 0B3AA0F325AC157400E1E149 /* InitialFavoritesTableViewDelegateDataSource.swift */; };
		0B3AA0F925AC191D00E1E149 /* InitialFavoritesCollectionViewDelegateDataSource.swift in Sources */ = {isa = PBXBuildFile; fileRef = 0B3AA0F825AC191D00E1E149 /* InitialFavoritesCollectionViewDelegateDataSource.swift */; };
		0B3AA0FC25AC1B0800E1E149 /* InitialRegistrationSearchBarDelegate.swift in Sources */ = {isa = PBXBuildFile; fileRef = 0B3AA0FB25AC1B0800E1E149 /* InitialRegistrationSearchBarDelegate.swift */; };
		0B5138852568985500F1FC11 /* Colors.swift in Sources */ = {isa = PBXBuildFile; fileRef = 0B5138842568985500F1FC11 /* Colors.swift */; };
		0B99B0DB256AFD430028EE6C /* ScreenSettings.swift in Sources */ = {isa = PBXBuildFile; fileRef = 0B99B0DA256AFD430028EE6C /* ScreenSettings.swift */; };
		0BC1E85925AF3FA4008AFBB0 /* ArrayExtentions.swift in Sources */ = {isa = PBXBuildFile; fileRef = 0BC1E85825AF3FA3008AFBB0 /* ArrayExtentions.swift */; };
		0BCB83A9256E7C49003A7FB3 /* PokemonTemp2.swift in Sources */ = {isa = PBXBuildFile; fileRef = 0BCB83A8256E7C49003A7FB3 /* PokemonTemp2.swift */; };
		0BDDD3FC25B1BFDF0071615A /* GoogleService-Info.plist in Resources */ = {isa = PBXBuildFile; fileRef = 0BDDD3FB25B1BFDF0071615A /* GoogleService-Info.plist */; };
		0BDFEADD256C89670068BF14 /* InitialFavoritesRegistrationViewController.swift in Sources */ = {isa = PBXBuildFile; fileRef = 0BDFEADC256C89670068BF14 /* InitialFavoritesRegistrationViewController.swift */; };
		0BDFEAE1256C89740068BF14 /* InitialFavoritesRegistration.storyboard in Resources */ = {isa = PBXBuildFile; fileRef = 0BDFEAE0256C89740068BF14 /* InitialFavoritesRegistration.storyboard */; };
		0BDFEAEC256C90E00068BF14 /* FavoriteCollectionViewCell.swift in Sources */ = {isa = PBXBuildFile; fileRef = 0BDFEAEB256C90E00068BF14 /* FavoriteCollectionViewCell.swift */; };
		0BDFEAF0256C9D440068BF14 /* PokemonTableViewCell.swift in Sources */ = {isa = PBXBuildFile; fileRef = 0BDFEAEF256C9D440068BF14 /* PokemonTableViewCell.swift */; };
		0BEAFA8E2568973300110547 /* FirstScreenViewController.swift in Sources */ = {isa = PBXBuildFile; fileRef = 0BEAFA852568973300110547 /* FirstScreenViewController.swift */; };
		0BEAFA8F2568973300110547 /* FirstScreen.storyboard in Resources */ = {isa = PBXBuildFile; fileRef = 0BEAFA862568973300110547 /* FirstScreen.storyboard */; };
		0BEAFA902568973300110547 /* LoginScreen.storyboard in Resources */ = {isa = PBXBuildFile; fileRef = 0BEAFA892568973300110547 /* LoginScreen.storyboard */; };
		0BEAFA912568973300110547 /* LoginScreenViewController.swift in Sources */ = {isa = PBXBuildFile; fileRef = 0BEAFA8A2568973300110547 /* LoginScreenViewController.swift */; };
		0BEAFA922568973300110547 /* SignUpScreenViewController.swift in Sources */ = {isa = PBXBuildFile; fileRef = 0BEAFA8C2568973300110547 /* SignUpScreenViewController.swift */; };
		0BEAFA932568973300110547 /* SignUpScreen.storyboard in Resources */ = {isa = PBXBuildFile; fileRef = 0BEAFA8D2568973300110547 /* SignUpScreen.storyboard */; };
		0BFA2C19256E0DA1000CFD22 /* UIViewControllerExtensions.swift in Sources */ = {isa = PBXBuildFile; fileRef = 0BFA2C18256E0DA1000CFD22 /* UIViewControllerExtensions.swift */; };
		193EF9D725ABAFD100932ECB /* Pokemon.swift in Sources */ = {isa = PBXBuildFile; fileRef = 193EF9D625ABAFD100932ECB /* Pokemon.swift */; };
		193EF9DA25ABAFFB00932ECB /* Type.swift in Sources */ = {isa = PBXBuildFile; fileRef = 193EF9D925ABAFFB00932ECB /* Type.swift */; };
		193EF9DD25ABB01300932ECB /* Stat.swift in Sources */ = {isa = PBXBuildFile; fileRef = 193EF9DC25ABB01300932ECB /* Stat.swift */; };
		193EF9E025ABB03100932ECB /* Sprite.swift in Sources */ = {isa = PBXBuildFile; fileRef = 193EF9DF25ABB03100932ECB /* Sprite.swift */; };
		193EF9E325ABB04700932ECB /* Form.swift in Sources */ = {isa = PBXBuildFile; fileRef = 193EF9E225ABB04700932ECB /* Form.swift */; };
		193EF9E625ABB07000932ECB /* Other.swift in Sources */ = {isa = PBXBuildFile; fileRef = 193EF9E525ABB07000932ECB /* Other.swift */; };
		193EF9E925ABB09800932ECB /* OfficialArtwork.swift in Sources */ = {isa = PBXBuildFile; fileRef = 193EF9E825ABB09800932ECB /* OfficialArtwork.swift */; };
		193EF9EC25ABB0EE00932ECB /* DreamWorld.swift in Sources */ = {isa = PBXBuildFile; fileRef = 193EF9EB25ABB0EE00932ECB /* DreamWorld.swift */; };
		193EF9EF25ABB18B00932ECB /* Ability.swift in Sources */ = {isa = PBXBuildFile; fileRef = 193EF9EE25ABB18B00932ECB /* Ability.swift */; };
		193EF9F225ABB25D00932ECB /* VersionGroupDetail.swift in Sources */ = {isa = PBXBuildFile; fileRef = 193EF9F125ABB25D00932ECB /* VersionGroupDetail.swift */; };
		193EF9F525ABB28600932ECB /* Move.swift in Sources */ = {isa = PBXBuildFile; fileRef = 193EF9F425ABB28600932ECB /* Move.swift */; };
		197DA9A425ABE53E002198DE /* SimultaneousOperationsQueue.swift in Sources */ = {isa = PBXBuildFile; fileRef = 197DA9A325ABE53E002198DE /* SimultaneousOperationsQueue.swift */; };
		19D3D8E725A512C500B6C9D8 /* LoginScreenViewModel.swift in Sources */ = {isa = PBXBuildFile; fileRef = 19D3D8E625A512C500B6C9D8 /* LoginScreenViewModel.swift */; };
		19D3D8EA25A533E400B6C9D8 /* SignUpScreenViewModel.swift in Sources */ = {isa = PBXBuildFile; fileRef = 19D3D8E925A533E400B6C9D8 /* SignUpScreenViewModel.swift */; };
		19D3D8ED25A5451400B6C9D8 /* InitialFavoritesRegistrationViewModel.swift in Sources */ = {isa = PBXBuildFile; fileRef = 19D3D8EC25A5451400B6C9D8 /* InitialFavoritesRegistrationViewModel.swift */; };
		19D3D8F025A54A5400B6C9D8 /* PokemonAPI.swift in Sources */ = {isa = PBXBuildFile; fileRef = 19D3D8EF25A54A5400B6C9D8 /* PokemonAPI.swift */; };
		19D3D8F325A550D900B6C9D8 /* PokemonSimpleData.swift in Sources */ = {isa = PBXBuildFile; fileRef = 19D3D8F225A550D900B6C9D8 /* PokemonSimpleData.swift */; };
		A8978631B412F69CE2AC865D /* Pods_DigitlaPokedex.framework in Frameworks */ = {isa = PBXBuildFile; fileRef = 2629691A5DCEF035A51EC5D6 /* Pods_DigitlaPokedex.framework */; };
		CA149D932571514200DBDE79 /* HomeFavoritesViewController.swift in Sources */ = {isa = PBXBuildFile; fileRef = CA149D912571514200DBDE79 /* HomeFavoritesViewController.swift */; };
		CA149D942571514200DBDE79 /* HomeFavoritesViewController.xib in Resources */ = {isa = PBXBuildFile; fileRef = CA149D922571514200DBDE79 /* HomeFavoritesViewController.xib */; };
		CA1B260E2559852F00EA0BAA /* AppDelegate.swift in Sources */ = {isa = PBXBuildFile; fileRef = CA1B260D2559852F00EA0BAA /* AppDelegate.swift */; };
		CA1B26102559852F00EA0BAA /* SceneDelegate.swift in Sources */ = {isa = PBXBuildFile; fileRef = CA1B260F2559852F00EA0BAA /* SceneDelegate.swift */; };
		CA1B26122559852F00EA0BAA /* HomeViewController.swift in Sources */ = {isa = PBXBuildFile; fileRef = CA1B26112559852F00EA0BAA /* HomeViewController.swift */; };
		CA1B26152559852F00EA0BAA /* Home.storyboard in Resources */ = {isa = PBXBuildFile; fileRef = CA1B26132559852F00EA0BAA /* Home.storyboard */; };
		CA1B26172559853300EA0BAA /* Assets.xcassets in Resources */ = {isa = PBXBuildFile; fileRef = CA1B26162559853300EA0BAA /* Assets.xcassets */; };
		CA1B261A2559853300EA0BAA /* LaunchScreen.storyboard in Resources */ = {isa = PBXBuildFile; fileRef = CA1B26182559853300EA0BAA /* LaunchScreen.storyboard */; };
		CA1B2625255987FC00EA0BAA /* PokemonDetailViewController.swift in Sources */ = {isa = PBXBuildFile; fileRef = CA1B2624255987FC00EA0BAA /* PokemonDetailViewController.swift */; };
		CA24C1E025681D9600849519 /* FavoritesViewCell.swift in Sources */ = {isa = PBXBuildFile; fileRef = CA24C1DF25681D9600849519 /* FavoritesViewCell.swift */; };
		CA24C1E325681DAE00849519 /* HomeViewCell.swift in Sources */ = {isa = PBXBuildFile; fileRef = CA24C1E225681DAE00849519 /* HomeViewCell.swift */; };
		CA24C1ED2568223000849519 /* UITextFieldBordersExtensions.swift in Sources */ = {isa = PBXBuildFile; fileRef = CA24C1EC2568223000849519 /* UITextFieldBordersExtensions.swift */; };
		CA28AB552568C9CF00ED2157 /* PokemonController.swift in Sources */ = {isa = PBXBuildFile; fileRef = CA28AB542568C9CF00ED2157 /* PokemonController.swift */; };
		CA28AB582568CB5700ED2157 /* PokemonTemp.swift in Sources */ = {isa = PBXBuildFile; fileRef = CA28AB572568CB5700ED2157 /* PokemonTemp.swift */; };
		CA28AB5B256BD4CF00ED2157 /* Evolutions.storyboard in Resources */ = {isa = PBXBuildFile; fileRef = CA28AB5A256BD4CF00ED2157 /* Evolutions.storyboard */; };
		CA28AB5E256BD4E900ED2157 /* EvolutionsViewController.swift in Sources */ = {isa = PBXBuildFile; fileRef = CA28AB5D256BD4E900ED2157 /* EvolutionsViewController.swift */; };
		CA28AB61256BD5CD00ED2157 /* SearchProtocol.swift in Sources */ = {isa = PBXBuildFile; fileRef = CA28AB60256BD5CD00ED2157 /* SearchProtocol.swift */; };
		CA65BAAB2571435900207EC0 /* FirstScreenViewModel.swift in Sources */ = {isa = PBXBuildFile; fileRef = CA65BAAA2571435900207EC0 /* FirstScreenViewModel.swift */; };
		CA65BAAE25714CC000207EC0 /* UIButtonBordersExtensions.swift in Sources */ = {isa = PBXBuildFile; fileRef = CA65BAAD25714CC000207EC0 /* UIButtonBordersExtensions.swift */; };
		CA65BAB225714CD000207EC0 /* UILabelBordersExtensions.swift in Sources */ = {isa = PBXBuildFile; fileRef = CA65BAB125714CD000207EC0 /* UILabelBordersExtensions.swift */; };
		CA953A9D25713C7400363E2E /* APIManager.swift in Sources */ = {isa = PBXBuildFile; fileRef = CA953A9C25713C7400363E2E /* APIManager.swift */; };
		CADFBCB92559887C009F02E1 /* PokemonDetail.storyboard in Resources */ = {isa = PBXBuildFile; fileRef = CADFBCB82559887C009F02E1 /* PokemonDetail.storyboard */; };
		CADFBCBD255989EA009F02E1 /* PokemonFavoritesViewController.swift in Sources */ = {isa = PBXBuildFile; fileRef = CADFBCBC255989EA009F02E1 /* PokemonFavoritesViewController.swift */; };
		CADFBCC1255989F2009F02E1 /* PokemonFavorites.storyboard in Resources */ = {isa = PBXBuildFile; fileRef = CADFBCC0255989F2009F02E1 /* PokemonFavorites.storyboard */; };
		CADFBCC5255A2A88009F02E1 /* TabBarController.swift in Sources */ = {isa = PBXBuildFile; fileRef = CADFBCC4255A2A88009F02E1 /* TabBarController.swift */; };
		CAE5B3D9257E726800901863 /* UIProgressViewExtension.swift in Sources */ = {isa = PBXBuildFile; fileRef = CAE5B3D8257E726800901863 /* UIProgressViewExtension.swift */; };
/* End PBXBuildFile section */

/* Begin PBXFileReference section */
		0B3AA0F325AC157400E1E149 /* InitialFavoritesTableViewDelegateDataSource.swift */ = {isa = PBXFileReference; lastKnownFileType = sourcecode.swift; path = InitialFavoritesTableViewDelegateDataSource.swift; sourceTree = "<group>"; };
		0B3AA0F825AC191D00E1E149 /* InitialFavoritesCollectionViewDelegateDataSource.swift */ = {isa = PBXFileReference; lastKnownFileType = sourcecode.swift; path = InitialFavoritesCollectionViewDelegateDataSource.swift; sourceTree = "<group>"; };
		0B3AA0FB25AC1B0800E1E149 /* InitialRegistrationSearchBarDelegate.swift */ = {isa = PBXFileReference; lastKnownFileType = sourcecode.swift; path = InitialRegistrationSearchBarDelegate.swift; sourceTree = "<group>"; };
		0B5138842568985500F1FC11 /* Colors.swift */ = {isa = PBXFileReference; lastKnownFileType = sourcecode.swift; path = Colors.swift; sourceTree = "<group>"; };
		0B99B0DA256AFD430028EE6C /* ScreenSettings.swift */ = {isa = PBXFileReference; lastKnownFileType = sourcecode.swift; path = ScreenSettings.swift; sourceTree = "<group>"; };
		0BC1E85825AF3FA3008AFBB0 /* ArrayExtentions.swift */ = {isa = PBXFileReference; lastKnownFileType = sourcecode.swift; path = ArrayExtentions.swift; sourceTree = "<group>"; };
		0BCB83A8256E7C49003A7FB3 /* PokemonTemp2.swift */ = {isa = PBXFileReference; lastKnownFileType = sourcecode.swift; path = PokemonTemp2.swift; sourceTree = "<group>"; };
		0BDDD3FB25B1BFDF0071615A /* GoogleService-Info.plist */ = {isa = PBXFileReference; fileEncoding = 4; lastKnownFileType = text.plist.xml; path = "GoogleService-Info.plist"; sourceTree = "<group>"; };
		0BDFEADC256C89670068BF14 /* InitialFavoritesRegistrationViewController.swift */ = {isa = PBXFileReference; lastKnownFileType = sourcecode.swift; path = InitialFavoritesRegistrationViewController.swift; sourceTree = "<group>"; };
		0BDFEAE0256C89740068BF14 /* InitialFavoritesRegistration.storyboard */ = {isa = PBXFileReference; lastKnownFileType = file.storyboard; path = InitialFavoritesRegistration.storyboard; sourceTree = "<group>"; };
		0BDFEAEB256C90E00068BF14 /* FavoriteCollectionViewCell.swift */ = {isa = PBXFileReference; lastKnownFileType = sourcecode.swift; path = FavoriteCollectionViewCell.swift; sourceTree = "<group>"; };
		0BDFEAEF256C9D440068BF14 /* PokemonTableViewCell.swift */ = {isa = PBXFileReference; lastKnownFileType = sourcecode.swift; path = PokemonTableViewCell.swift; sourceTree = "<group>"; };
		0BEAFA852568973300110547 /* FirstScreenViewController.swift */ = {isa = PBXFileReference; fileEncoding = 4; lastKnownFileType = sourcecode.swift; path = FirstScreenViewController.swift; sourceTree = "<group>"; };
		0BEAFA872568973300110547 /* Base */ = {isa = PBXFileReference; lastKnownFileType = file.storyboard; name = Base; path = Base.lproj/FirstScreen.storyboard; sourceTree = "<group>"; };
		0BEAFA892568973300110547 /* LoginScreen.storyboard */ = {isa = PBXFileReference; fileEncoding = 4; lastKnownFileType = file.storyboard; path = LoginScreen.storyboard; sourceTree = "<group>"; };
		0BEAFA8A2568973300110547 /* LoginScreenViewController.swift */ = {isa = PBXFileReference; fileEncoding = 4; lastKnownFileType = sourcecode.swift; path = LoginScreenViewController.swift; sourceTree = "<group>"; };
		0BEAFA8C2568973300110547 /* SignUpScreenViewController.swift */ = {isa = PBXFileReference; fileEncoding = 4; lastKnownFileType = sourcecode.swift; path = SignUpScreenViewController.swift; sourceTree = "<group>"; };
		0BEAFA8D2568973300110547 /* SignUpScreen.storyboard */ = {isa = PBXFileReference; fileEncoding = 4; lastKnownFileType = file.storyboard; path = SignUpScreen.storyboard; sourceTree = "<group>"; };
		0BFA2C18256E0DA1000CFD22 /* UIViewControllerExtensions.swift */ = {isa = PBXFileReference; lastKnownFileType = sourcecode.swift; path = UIViewControllerExtensions.swift; sourceTree = "<group>"; };
		193EF9D625ABAFD100932ECB /* Pokemon.swift */ = {isa = PBXFileReference; lastKnownFileType = sourcecode.swift; path = Pokemon.swift; sourceTree = "<group>"; };
		193EF9D925ABAFFB00932ECB /* Type.swift */ = {isa = PBXFileReference; lastKnownFileType = sourcecode.swift; path = Type.swift; sourceTree = "<group>"; };
		193EF9DC25ABB01300932ECB /* Stat.swift */ = {isa = PBXFileReference; lastKnownFileType = sourcecode.swift; path = Stat.swift; sourceTree = "<group>"; };
		193EF9DF25ABB03100932ECB /* Sprite.swift */ = {isa = PBXFileReference; lastKnownFileType = sourcecode.swift; path = Sprite.swift; sourceTree = "<group>"; };
		193EF9E225ABB04700932ECB /* Form.swift */ = {isa = PBXFileReference; lastKnownFileType = sourcecode.swift; path = Form.swift; sourceTree = "<group>"; };
		193EF9E525ABB07000932ECB /* Other.swift */ = {isa = PBXFileReference; lastKnownFileType = sourcecode.swift; path = Other.swift; sourceTree = "<group>"; };
		193EF9E825ABB09800932ECB /* OfficialArtwork.swift */ = {isa = PBXFileReference; lastKnownFileType = sourcecode.swift; path = OfficialArtwork.swift; sourceTree = "<group>"; };
		193EF9EB25ABB0EE00932ECB /* DreamWorld.swift */ = {isa = PBXFileReference; lastKnownFileType = sourcecode.swift; path = DreamWorld.swift; sourceTree = "<group>"; };
		193EF9EE25ABB18B00932ECB /* Ability.swift */ = {isa = PBXFileReference; lastKnownFileType = sourcecode.swift; path = Ability.swift; sourceTree = "<group>"; };
		193EF9F125ABB25D00932ECB /* VersionGroupDetail.swift */ = {isa = PBXFileReference; lastKnownFileType = sourcecode.swift; path = VersionGroupDetail.swift; sourceTree = "<group>"; };
		193EF9F425ABB28600932ECB /* Move.swift */ = {isa = PBXFileReference; lastKnownFileType = sourcecode.swift; path = Move.swift; sourceTree = "<group>"; };
		197DA9A325ABE53E002198DE /* SimultaneousOperationsQueue.swift */ = {isa = PBXFileReference; lastKnownFileType = sourcecode.swift; path = SimultaneousOperationsQueue.swift; sourceTree = "<group>"; };
		19D3D8E625A512C500B6C9D8 /* LoginScreenViewModel.swift */ = {isa = PBXFileReference; lastKnownFileType = sourcecode.swift; path = LoginScreenViewModel.swift; sourceTree = "<group>"; };
		19D3D8E925A533E400B6C9D8 /* SignUpScreenViewModel.swift */ = {isa = PBXFileReference; lastKnownFileType = sourcecode.swift; path = SignUpScreenViewModel.swift; sourceTree = "<group>"; };
		19D3D8EC25A5451400B6C9D8 /* InitialFavoritesRegistrationViewModel.swift */ = {isa = PBXFileReference; lastKnownFileType = sourcecode.swift; path = InitialFavoritesRegistrationViewModel.swift; sourceTree = "<group>"; };
		19D3D8EF25A54A5400B6C9D8 /* PokemonAPI.swift */ = {isa = PBXFileReference; lastKnownFileType = sourcecode.swift; path = PokemonAPI.swift; sourceTree = "<group>"; };
		19D3D8F225A550D900B6C9D8 /* PokemonSimpleData.swift */ = {isa = PBXFileReference; lastKnownFileType = sourcecode.swift; path = PokemonSimpleData.swift; sourceTree = "<group>"; };
		217A8B3FD05AC97F155ADFAD /* Pods-DigitlaPokedex.debug.xcconfig */ = {isa = PBXFileReference; includeInIndex = 1; lastKnownFileType = text.xcconfig; name = "Pods-DigitlaPokedex.debug.xcconfig"; path = "Target Support Files/Pods-DigitlaPokedex/Pods-DigitlaPokedex.debug.xcconfig"; sourceTree = "<group>"; };
		2629691A5DCEF035A51EC5D6 /* Pods_DigitlaPokedex.framework */ = {isa = PBXFileReference; explicitFileType = wrapper.framework; includeInIndex = 0; path = Pods_DigitlaPokedex.framework; sourceTree = BUILT_PRODUCTS_DIR; };
		AE101D2EEDAEC753486A773A /* Pods-DigitlaPokedex.release.xcconfig */ = {isa = PBXFileReference; includeInIndex = 1; lastKnownFileType = text.xcconfig; name = "Pods-DigitlaPokedex.release.xcconfig"; path = "Target Support Files/Pods-DigitlaPokedex/Pods-DigitlaPokedex.release.xcconfig"; sourceTree = "<group>"; };
		CA149D912571514200DBDE79 /* HomeFavoritesViewController.swift */ = {isa = PBXFileReference; lastKnownFileType = sourcecode.swift; path = HomeFavoritesViewController.swift; sourceTree = "<group>"; };
		CA149D922571514200DBDE79 /* HomeFavoritesViewController.xib */ = {isa = PBXFileReference; lastKnownFileType = file.xib; path = HomeFavoritesViewController.xib; sourceTree = "<group>"; };
		CA1B260A2559852F00EA0BAA /* DigitlaPokedex.app */ = {isa = PBXFileReference; explicitFileType = wrapper.application; includeInIndex = 0; path = DigitlaPokedex.app; sourceTree = BUILT_PRODUCTS_DIR; };
		CA1B260D2559852F00EA0BAA /* AppDelegate.swift */ = {isa = PBXFileReference; lastKnownFileType = sourcecode.swift; path = AppDelegate.swift; sourceTree = "<group>"; };
		CA1B260F2559852F00EA0BAA /* SceneDelegate.swift */ = {isa = PBXFileReference; lastKnownFileType = sourcecode.swift; path = SceneDelegate.swift; sourceTree = "<group>"; };
		CA1B26112559852F00EA0BAA /* HomeViewController.swift */ = {isa = PBXFileReference; lastKnownFileType = sourcecode.swift; path = HomeViewController.swift; sourceTree = "<group>"; };
		CA1B26142559852F00EA0BAA /* Base */ = {isa = PBXFileReference; lastKnownFileType = file.storyboard; name = Base; path = Base.lproj/Home.storyboard; sourceTree = "<group>"; };
		CA1B26162559853300EA0BAA /* Assets.xcassets */ = {isa = PBXFileReference; lastKnownFileType = folder.assetcatalog; path = Assets.xcassets; sourceTree = "<group>"; };
		CA1B26192559853300EA0BAA /* Base */ = {isa = PBXFileReference; lastKnownFileType = file.storyboard; name = Base; path = Base.lproj/LaunchScreen.storyboard; sourceTree = "<group>"; };
		CA1B261B2559853300EA0BAA /* Info.plist */ = {isa = PBXFileReference; lastKnownFileType = text.plist.xml; path = Info.plist; sourceTree = "<group>"; };
		CA1B2624255987FC00EA0BAA /* PokemonDetailViewController.swift */ = {isa = PBXFileReference; lastKnownFileType = sourcecode.swift; path = PokemonDetailViewController.swift; sourceTree = "<group>"; };
		CA24C1DF25681D9600849519 /* FavoritesViewCell.swift */ = {isa = PBXFileReference; lastKnownFileType = sourcecode.swift; path = FavoritesViewCell.swift; sourceTree = "<group>"; };
		CA24C1E225681DAE00849519 /* HomeViewCell.swift */ = {isa = PBXFileReference; lastKnownFileType = sourcecode.swift; path = HomeViewCell.swift; sourceTree = "<group>"; };
		CA24C1EC2568223000849519 /* UITextFieldBordersExtensions.swift */ = {isa = PBXFileReference; lastKnownFileType = sourcecode.swift; path = UITextFieldBordersExtensions.swift; sourceTree = "<group>"; };
		CA28AB542568C9CF00ED2157 /* PokemonController.swift */ = {isa = PBXFileReference; lastKnownFileType = sourcecode.swift; path = PokemonController.swift; sourceTree = "<group>"; };
		CA28AB572568CB5700ED2157 /* PokemonTemp.swift */ = {isa = PBXFileReference; lastKnownFileType = sourcecode.swift; path = PokemonTemp.swift; sourceTree = "<group>"; };
		CA28AB5A256BD4CF00ED2157 /* Evolutions.storyboard */ = {isa = PBXFileReference; lastKnownFileType = file.storyboard; name = Evolutions.storyboard; path = DigitlaPokedex/ViewController/PokemonEvolutions/Evolutions.storyboard; sourceTree = SOURCE_ROOT; };
		CA28AB5D256BD4E900ED2157 /* EvolutionsViewController.swift */ = {isa = PBXFileReference; lastKnownFileType = sourcecode.swift; name = EvolutionsViewController.swift; path = DigitlaPokedex/ViewController/PokemonEvolutions/EvolutionsViewController.swift; sourceTree = SOURCE_ROOT; };
		CA28AB60256BD5CD00ED2157 /* SearchProtocol.swift */ = {isa = PBXFileReference; lastKnownFileType = sourcecode.swift; path = SearchProtocol.swift; sourceTree = "<group>"; };
		CA65BAAA2571435900207EC0 /* FirstScreenViewModel.swift */ = {isa = PBXFileReference; lastKnownFileType = sourcecode.swift; path = FirstScreenViewModel.swift; sourceTree = "<group>"; };
		CA65BAAD25714CC000207EC0 /* UIButtonBordersExtensions.swift */ = {isa = PBXFileReference; lastKnownFileType = sourcecode.swift; path = UIButtonBordersExtensions.swift; sourceTree = "<group>"; };
		CA65BAB125714CD000207EC0 /* UILabelBordersExtensions.swift */ = {isa = PBXFileReference; lastKnownFileType = sourcecode.swift; path = UILabelBordersExtensions.swift; sourceTree = "<group>"; };
		CA953A9C25713C7400363E2E /* APIManager.swift */ = {isa = PBXFileReference; lastKnownFileType = sourcecode.swift; path = APIManager.swift; sourceTree = "<group>"; };
		CADFBCB82559887C009F02E1 /* PokemonDetail.storyboard */ = {isa = PBXFileReference; lastKnownFileType = file.storyboard; path = PokemonDetail.storyboard; sourceTree = "<group>"; };
		CADFBCBC255989EA009F02E1 /* PokemonFavoritesViewController.swift */ = {isa = PBXFileReference; lastKnownFileType = sourcecode.swift; path = PokemonFavoritesViewController.swift; sourceTree = "<group>"; };
		CADFBCC0255989F2009F02E1 /* PokemonFavorites.storyboard */ = {isa = PBXFileReference; lastKnownFileType = file.storyboard; path = PokemonFavorites.storyboard; sourceTree = "<group>"; };
		CADFBCC4255A2A88009F02E1 /* TabBarController.swift */ = {isa = PBXFileReference; lastKnownFileType = sourcecode.swift; path = TabBarController.swift; sourceTree = "<group>"; };
		CAE5B3D8257E726800901863 /* UIProgressViewExtension.swift */ = {isa = PBXFileReference; lastKnownFileType = sourcecode.swift; path = UIProgressViewExtension.swift; sourceTree = "<group>"; };
/* End PBXFileReference section */

/* Begin PBXFrameworksBuildPhase section */
		CA1B26072559852F00EA0BAA /* Frameworks */ = {
			isa = PBXFrameworksBuildPhase;
			buildActionMask = 2147483647;
			files = (
				A8978631B412F69CE2AC865D /* Pods_DigitlaPokedex.framework in Frameworks */,
			);
			runOnlyForDeploymentPostprocessing = 0;
		};
/* End PBXFrameworksBuildPhase section */

/* Begin PBXGroup section */
		0B99B0D9256AFD030028EE6C /* Settings */ = {
			isa = PBXGroup;
			children = (
				CA28AB60256BD5CD00ED2157 /* SearchProtocol.swift */,
			);
			path = Settings;
			sourceTree = "<group>";
		};
		0BB5570825AD0B01000F1612 /* Scenes */ = {
			isa = PBXGroup;
			children = (
				0BB5570925AD0B08000F1612 /* FirstScreen */,
			);
			path = Scenes;
			sourceTree = "<group>";
		};
		0BB5570925AD0B08000F1612 /* FirstScreen */ = {
			isa = PBXGroup;
			children = (
			);
			path = FirstScreen;
			sourceTree = "<group>";
		};
		0BDFEADB256C89400068BF14 /* InitialFavoritesRegistration */ = {
			isa = PBXGroup;
			children = (
				0BDFEADC256C89670068BF14 /* InitialFavoritesRegistrationViewController.swift */,
				0BDFEAE0256C89740068BF14 /* InitialFavoritesRegistration.storyboard */,
				0B3AA0F325AC157400E1E149 /* InitialFavoritesTableViewDelegateDataSource.swift */,
				0B3AA0F825AC191D00E1E149 /* InitialFavoritesCollectionViewDelegateDataSource.swift */,
				0B3AA0FB25AC1B0800E1E149 /* InitialRegistrationSearchBarDelegate.swift */,
			);
			path = InitialFavoritesRegistration;
			sourceTree = "<group>";
		};
		0BDFEAEA256C90BF0068BF14 /* CustomCells */ = {
			isa = PBXGroup;
			children = (
				CA24C1E225681DAE00849519 /* HomeViewCell.swift */,
				CA24C1DF25681D9600849519 /* FavoritesViewCell.swift */,
				0BDFEAEB256C90E00068BF14 /* FavoriteCollectionViewCell.swift */,
				0BDFEAEF256C9D440068BF14 /* PokemonTableViewCell.swift */,
			);
			path = CustomCells;
			sourceTree = "<group>";
		};
		0BEAFA842568973300110547 /* FirstScreen */ = {
			isa = PBXGroup;
			children = (
				0BEAFA852568973300110547 /* FirstScreenViewController.swift */,
				0BEAFA862568973300110547 /* FirstScreen.storyboard */,
			);
			path = FirstScreen;
			sourceTree = "<group>";
		};
		0BEAFA882568973300110547 /* LoginScreen */ = {
			isa = PBXGroup;
			children = (
				0BEAFA892568973300110547 /* LoginScreen.storyboard */,
				0BEAFA8A2568973300110547 /* LoginScreenViewController.swift */,
			);
			path = LoginScreen;
			sourceTree = "<group>";
		};
		0BEAFA8B2568973300110547 /* SignUpScreen */ = {
			isa = PBXGroup;
			children = (
				0BEAFA8C2568973300110547 /* SignUpScreenViewController.swift */,
				0BEAFA8D2568973300110547 /* SignUpScreen.storyboard */,
			);
			path = SignUpScreen;
			sourceTree = "<group>";
		};
		1205C6D6B8E24CD748A67F9D /* Frameworks */ = {
			isa = PBXGroup;
			children = (
				2629691A5DCEF035A51EC5D6 /* Pods_DigitlaPokedex.framework */,
			);
			name = Frameworks;
			sourceTree = "<group>";
		};
		CA149D84257150BD00DBDE79 /* HomeFavorites */ = {
			isa = PBXGroup;
			children = (
				CA149D912571514200DBDE79 /* HomeFavoritesViewController.swift */,
				CA149D922571514200DBDE79 /* HomeFavoritesViewController.xib */,
			);
			path = HomeFavorites;
			sourceTree = "<group>";
		};
		CA1B26012559852F00EA0BAA = {
			isa = PBXGroup;
			children = (
				CA1B260C2559852F00EA0BAA /* DigitlaPokedex */,
				CA1B260B2559852F00EA0BAA /* Products */,
				F0F557FE33F3F436BB80AF80 /* Pods */,
				1205C6D6B8E24CD748A67F9D /* Frameworks */,
			);
			sourceTree = "<group>";
		};
		CA1B260B2559852F00EA0BAA /* Products */ = {
			isa = PBXGroup;
			children = (
				CA1B260A2559852F00EA0BAA /* DigitlaPokedex.app */,
			);
			name = Products;
			sourceTree = "<group>";
		};
		CA1B260C2559852F00EA0BAA /* DigitlaPokedex */ = {
			isa = PBXGroup;
			children = (
				0BB5570825AD0B01000F1612 /* Scenes */,
				CA953AA025713EA000363E2E /* Extensions */,
				CA953A9F25713E7700363E2E /* Enum */,
				CA953A922571397800363E2E /* API Manager */,
				CA953A912571395400363E2E /* Model */,
				CA953A8E2571394400363E2E /* ViewModel */,
				CA953A8D2571393900363E2E /* ViewController */,
				0B99B0D9256AFD030028EE6C /* Settings */,
				CA1B260D2559852F00EA0BAA /* AppDelegate.swift */,
				CA1B260F2559852F00EA0BAA /* SceneDelegate.swift */,
				CA1B26162559853300EA0BAA /* Assets.xcassets */,
				CA1B261B2559853300EA0BAA /* Info.plist */,
				0BDDD3FB25B1BFDF0071615A /* GoogleService-Info.plist */,
			);
			path = DigitlaPokedex;
			sourceTree = "<group>";
		};
		CA1B2623255987C300EA0BAA /* PokemonDetail */ = {
			isa = PBXGroup;
			children = (
				CA1B2624255987FC00EA0BAA /* PokemonDetailViewController.swift */,
				CADFBCB82559887C009F02E1 /* PokemonDetail.storyboard */,
			);
			path = PokemonDetail;
			sourceTree = "<group>";
		};
		CA24C1CA25680A8300849519 /* Home */ = {
			isa = PBXGroup;
			children = (
				CA1B26112559852F00EA0BAA /* HomeViewController.swift */,
				CA1B26132559852F00EA0BAA /* Home.storyboard */,
			);
			path = Home;
			sourceTree = "<group>";
		};
		CA953A8D2571393900363E2E /* ViewController */ = {
			isa = PBXGroup;
			children = (
				CA1B26182559853300EA0BAA /* LaunchScreen.storyboard */,
				CADFBCC4255A2A88009F02E1 /* TabBarController.swift */,
				0BEAFA842568973300110547 /* FirstScreen */,
				0BEAFA8B2568973300110547 /* SignUpScreen */,
				0BEAFA882568973300110547 /* LoginScreen */,
				0BDFEADB256C89400068BF14 /* InitialFavoritesRegistration */,
				CA149D84257150BD00DBDE79 /* HomeFavorites */,
				CA24C1CA25680A8300849519 /* Home */,
				CADFBCBB255989A2009F02E1 /* PokemonFavorites */,
				CA1B2623255987C300EA0BAA /* PokemonDetail */,
				CA953A9A25713B8000363E2E /* PokemonEvolutions */,
				0BDFEAEA256C90BF0068BF14 /* CustomCells */,
			);
			path = ViewController;
			sourceTree = "<group>";
		};
		CA953A8E2571394400363E2E /* ViewModel */ = {
			isa = PBXGroup;
			children = (
				CA28AB542568C9CF00ED2157 /* PokemonController.swift */,
				CA65BAAA2571435900207EC0 /* FirstScreenViewModel.swift */,
				19D3D8E625A512C500B6C9D8 /* LoginScreenViewModel.swift */,
				19D3D8E925A533E400B6C9D8 /* SignUpScreenViewModel.swift */,
				19D3D8EC25A5451400B6C9D8 /* InitialFavoritesRegistrationViewModel.swift */,
				19D3D8EF25A54A5400B6C9D8 /* PokemonAPI.swift */,
			);
			path = ViewModel;
			sourceTree = "<group>";
		};
		CA953A912571395400363E2E /* Model */ = {
			isa = PBXGroup;
			children = (
				CA28AB572568CB5700ED2157 /* PokemonTemp.swift */,
				0BCB83A8256E7C49003A7FB3 /* PokemonTemp2.swift */,
				19D3D8F225A550D900B6C9D8 /* PokemonSimpleData.swift */,
				193EF9D625ABAFD100932ECB /* Pokemon.swift */,
				193EF9D925ABAFFB00932ECB /* Type.swift */,
				193EF9DC25ABB01300932ECB /* Stat.swift */,
				193EF9DF25ABB03100932ECB /* Sprite.swift */,
				193EF9E225ABB04700932ECB /* Form.swift */,
				193EF9E525ABB07000932ECB /* Other.swift */,
				193EF9E825ABB09800932ECB /* OfficialArtwork.swift */,
				193EF9EB25ABB0EE00932ECB /* DreamWorld.swift */,
				193EF9EE25ABB18B00932ECB /* Ability.swift */,
				193EF9F125ABB25D00932ECB /* VersionGroupDetail.swift */,
				193EF9F425ABB28600932ECB /* Move.swift */,
				197DA9A325ABE53E002198DE /* SimultaneousOperationsQueue.swift */,
			);
			path = Model;
			sourceTree = "<group>";
		};
		CA953A922571397800363E2E /* API Manager */ = {
			isa = PBXGroup;
			children = (
				CA953A9C25713C7400363E2E /* APIManager.swift */,
			);
			path = "API Manager";
			sourceTree = "<group>";
		};
		CA953A9A25713B8000363E2E /* PokemonEvolutions */ = {
			isa = PBXGroup;
			children = (
				CA28AB5A256BD4CF00ED2157 /* Evolutions.storyboard */,
				CA28AB5D256BD4E900ED2157 /* EvolutionsViewController.swift */,
			);
			path = PokemonEvolutions;
			sourceTree = "<group>";
		};
		CA953A9F25713E7700363E2E /* Enum */ = {
			isa = PBXGroup;
			children = (
				0B5138842568985500F1FC11 /* Colors.swift */,
				0B99B0DA256AFD430028EE6C /* ScreenSettings.swift */,
			);
			path = Enum;
			sourceTree = "<group>";
		};
		CA953AA025713EA000363E2E /* Extensions */ = {
			isa = PBXGroup;
			children = (
				0BFA2C18256E0DA1000CFD22 /* UIViewControllerExtensions.swift */,
				CA65BAAD25714CC000207EC0 /* UIButtonBordersExtensions.swift */,
				CA65BAB125714CD000207EC0 /* UILabelBordersExtensions.swift */,
				CA24C1EC2568223000849519 /* UITextFieldBordersExtensions.swift */,
				CAE5B3D8257E726800901863 /* UIProgressViewExtension.swift */,
				0BC1E85825AF3FA3008AFBB0 /* ArrayExtentions.swift */,
			);
			path = Extensions;
			sourceTree = "<group>";
		};
		CADFBCBB255989A2009F02E1 /* PokemonFavorites */ = {
			isa = PBXGroup;
			children = (
				CADFBCBC255989EA009F02E1 /* PokemonFavoritesViewController.swift */,
				CADFBCC0255989F2009F02E1 /* PokemonFavorites.storyboard */,
			);
			path = PokemonFavorites;
			sourceTree = "<group>";
		};
		F0F557FE33F3F436BB80AF80 /* Pods */ = {
			isa = PBXGroup;
			children = (
				217A8B3FD05AC97F155ADFAD /* Pods-DigitlaPokedex.debug.xcconfig */,
				AE101D2EEDAEC753486A773A /* Pods-DigitlaPokedex.release.xcconfig */,
			);
			path = Pods;
			sourceTree = "<group>";
		};
/* End PBXGroup section */

/* Begin PBXNativeTarget section */
		CA1B26092559852F00EA0BAA /* DigitlaPokedex */ = {
			isa = PBXNativeTarget;
			buildConfigurationList = CA1B261E2559853300EA0BAA /* Build configuration list for PBXNativeTarget "DigitlaPokedex" */;
			buildPhases = (
				FF61D365B454BF9CEFC4B4EC /* [CP] Check Pods Manifest.lock */,
				CA1B26062559852F00EA0BAA /* Sources */,
				CA1B26072559852F00EA0BAA /* Frameworks */,
				CA1B26082559852F00EA0BAA /* Resources */,
				62383B46A33116D009B47CE9 /* [CP] Embed Pods Frameworks */,
			);
			buildRules = (
			);
			dependencies = (
			);
			name = DigitlaPokedex;
			productName = DigitlaPokedex;
			productReference = CA1B260A2559852F00EA0BAA /* DigitlaPokedex.app */;
			productType = "com.apple.product-type.application";
		};
/* End PBXNativeTarget section */

/* Begin PBXProject section */
		CA1B26022559852F00EA0BAA /* Project object */ = {
			isa = PBXProject;
			attributes = {
				LastSwiftUpdateCheck = 1210;
				LastUpgradeCheck = 1210;
				TargetAttributes = {
					CA1B26092559852F00EA0BAA = {
						CreatedOnToolsVersion = 12.1;
					};
				};
			};
			buildConfigurationList = CA1B26052559852F00EA0BAA /* Build configuration list for PBXProject "DigitlaPokedex" */;
			compatibilityVersion = "Xcode 9.3";
			developmentRegion = en;
			hasScannedForEncodings = 0;
			knownRegions = (
				en,
				Base,
			);
			mainGroup = CA1B26012559852F00EA0BAA;
			productRefGroup = CA1B260B2559852F00EA0BAA /* Products */;
			projectDirPath = "";
			projectRoot = "";
			targets = (
				CA1B26092559852F00EA0BAA /* DigitlaPokedex */,
			);
		};
/* End PBXProject section */

/* Begin PBXResourcesBuildPhase section */
		CA1B26082559852F00EA0BAA /* Resources */ = {
			isa = PBXResourcesBuildPhase;
			buildActionMask = 2147483647;
			files = (
				CA1B261A2559853300EA0BAA /* LaunchScreen.storyboard in Resources */,
				0BEAFA902568973300110547 /* LoginScreen.storyboard in Resources */,
				0BDFEAE1256C89740068BF14 /* InitialFavoritesRegistration.storyboard in Resources */,
				CADFBCC1255989F2009F02E1 /* PokemonFavorites.storyboard in Resources */,
				CA1B26172559853300EA0BAA /* Assets.xcassets in Resources */,
				CA149D942571514200DBDE79 /* HomeFavoritesViewController.xib in Resources */,
				0BEAFA932568973300110547 /* SignUpScreen.storyboard in Resources */,
				0BEAFA8F2568973300110547 /* FirstScreen.storyboard in Resources */,
				CA1B26152559852F00EA0BAA /* Home.storyboard in Resources */,
				0BDDD3FC25B1BFDF0071615A /* GoogleService-Info.plist in Resources */,
				CADFBCB92559887C009F02E1 /* PokemonDetail.storyboard in Resources */,
				CA28AB5B256BD4CF00ED2157 /* Evolutions.storyboard in Resources */,
			);
			runOnlyForDeploymentPostprocessing = 0;
		};
/* End PBXResourcesBuildPhase section */

/* Begin PBXShellScriptBuildPhase section */
		62383B46A33116D009B47CE9 /* [CP] Embed Pods Frameworks */ = {
			isa = PBXShellScriptBuildPhase;
			buildActionMask = 2147483647;
			files = (
			);
			inputFileListPaths = (
				"${PODS_ROOT}/Target Support Files/Pods-DigitlaPokedex/Pods-DigitlaPokedex-frameworks-${CONFIGURATION}-input-files.xcfilelist",
			);
			name = "[CP] Embed Pods Frameworks";
			outputFileListPaths = (
				"${PODS_ROOT}/Target Support Files/Pods-DigitlaPokedex/Pods-DigitlaPokedex-frameworks-${CONFIGURATION}-output-files.xcfilelist",
			);
			runOnlyForDeploymentPostprocessing = 0;
			shellPath = /bin/sh;
			shellScript = "\"${PODS_ROOT}/Target Support Files/Pods-DigitlaPokedex/Pods-DigitlaPokedex-frameworks.sh\"\n";
			showEnvVarsInLog = 0;
		};
		FF61D365B454BF9CEFC4B4EC /* [CP] Check Pods Manifest.lock */ = {
			isa = PBXShellScriptBuildPhase;
			buildActionMask = 2147483647;
			files = (
			);
			inputFileListPaths = (
			);
			inputPaths = (
				"${PODS_PODFILE_DIR_PATH}/Podfile.lock",
				"${PODS_ROOT}/Manifest.lock",
			);
			name = "[CP] Check Pods Manifest.lock";
			outputFileListPaths = (
			);
			outputPaths = (
				"$(DERIVED_FILE_DIR)/Pods-DigitlaPokedex-checkManifestLockResult.txt",
			);
			runOnlyForDeploymentPostprocessing = 0;
			shellPath = /bin/sh;
			shellScript = "diff \"${PODS_PODFILE_DIR_PATH}/Podfile.lock\" \"${PODS_ROOT}/Manifest.lock\" > /dev/null\nif [ $? != 0 ] ; then\n    # print error to STDERR\n    echo \"error: The sandbox is not in sync with the Podfile.lock. Run 'pod install' or update your CocoaPods installation.\" >&2\n    exit 1\nfi\n# This output is used by Xcode 'outputs' to avoid re-running this script phase.\necho \"SUCCESS\" > \"${SCRIPT_OUTPUT_FILE_0}\"\n";
			showEnvVarsInLog = 0;
		};
/* End PBXShellScriptBuildPhase section */

/* Begin PBXSourcesBuildPhase section */
		CA1B26062559852F00EA0BAA /* Sources */ = {
			isa = PBXSourcesBuildPhase;
			buildActionMask = 2147483647;
			files = (
				CA953A9D25713C7400363E2E /* APIManager.swift in Sources */,
				0B99B0DB256AFD430028EE6C /* ScreenSettings.swift in Sources */,
				CA28AB5E256BD4E900ED2157 /* EvolutionsViewController.swift in Sources */,
				193EF9DA25ABAFFB00932ECB /* Type.swift in Sources */,
				CA65BAAB2571435900207EC0 /* FirstScreenViewModel.swift in Sources */,
				0BEAFA912568973300110547 /* LoginScreenViewController.swift in Sources */,
				CA149D932571514200DBDE79 /* HomeFavoritesViewController.swift in Sources */,
				0BDFEADD256C89670068BF14 /* InitialFavoritesRegistrationViewController.swift in Sources */,
				0B3AA0F425AC157400E1E149 /* InitialFavoritesTableViewDelegateDataSource.swift in Sources */,
				0BC1E85925AF3FA4008AFBB0 /* ArrayExtentions.swift in Sources */,
				CA28AB552568C9CF00ED2157 /* PokemonController.swift in Sources */,
				0BEAFA8E2568973300110547 /* FirstScreenViewController.swift in Sources */,
				CADFBCBD255989EA009F02E1 /* PokemonFavoritesViewController.swift in Sources */,
				193EF9E025ABB03100932ECB /* Sprite.swift in Sources */,
				193EF9EF25ABB18B00932ECB /* Ability.swift in Sources */,
				CA24C1E325681DAE00849519 /* HomeViewCell.swift in Sources */,
				19D3D8ED25A5451400B6C9D8 /* InitialFavoritesRegistrationViewModel.swift in Sources */,
				CAE5B3D9257E726800901863 /* UIProgressViewExtension.swift in Sources */,
				0BFA2C19256E0DA1000CFD22 /* UIViewControllerExtensions.swift in Sources */,
				193EF9E625ABB07000932ECB /* Other.swift in Sources */,
				0BDFEAEC256C90E00068BF14 /* FavoriteCollectionViewCell.swift in Sources */,
				CA28AB61256BD5CD00ED2157 /* SearchProtocol.swift in Sources */,
				193EF9E925ABB09800932ECB /* OfficialArtwork.swift in Sources */,
				0B3AA0FC25AC1B0800E1E149 /* InitialRegistrationSearchBarDelegate.swift in Sources */,
				CA28AB582568CB5700ED2157 /* PokemonTemp.swift in Sources */,
				193EF9E325ABB04700932ECB /* Form.swift in Sources */,
				CA65BAB225714CD000207EC0 /* UILabelBordersExtensions copy.swift in Sources */,
				0BCB83A9256E7C49003A7FB3 /* PokemonTemp2.swift in Sources */,
				193EF9DD25ABB01300932ECB /* Stat.swift in Sources */,
				193EF9D725ABAFD100932ECB /* Pokemon.swift in Sources */,
				193EF9F225ABB25D00932ECB /* VersionGroupDetail.swift in Sources */,
				19D3D8F325A550D900B6C9D8 /* PokemonSimpleData.swift in Sources */,
				19D3D8EA25A533E400B6C9D8 /* SignUpScreenViewModel.swift in Sources */,
				CA65BAAE25714CC000207EC0 /* UIButtonBordersExtensions copy.swift in Sources */,
				CA65BAB225714CD000207EC0 /* UILabelBordersExtensions.swift in Sources */,
				0BCB83A9256E7C49003A7FB3 /* Pokemon.swift in Sources */,
				CA65BAAE25714CC000207EC0 /* UIButtonBordersExtensions.swift in Sources */,
				0BEAFA922568973300110547 /* SignUpScreenViewController.swift in Sources */,
				19D3D8E725A512C500B6C9D8 /* LoginScreenViewModel.swift in Sources */,
				193EF9F525ABB28600932ECB /* Move.swift in Sources */,
				0BDFEAF0256C9D440068BF14 /* PokemonTableViewCell.swift in Sources */,
				CA24C1ED2568223000849519 /* UITextFieldBordersExtensions.swift in Sources */,
				0B3AA0F925AC191D00E1E149 /* InitialFavoritesCollectionViewDelegateDataSource.swift in Sources */,
				CA1B26122559852F00EA0BAA /* HomeViewController.swift in Sources */,
				CA24C1E025681D9600849519 /* FavoritesViewCell.swift in Sources */,
				0B5138852568985500F1FC11 /* Colors.swift in Sources */,
				19D3D8F025A54A5400B6C9D8 /* PokemonAPI.swift in Sources */,
				CA1B2625255987FC00EA0BAA /* PokemonDetailViewController.swift in Sources */,
				193EF9EC25ABB0EE00932ECB /* DreamWorld.swift in Sources */,
				CADFBCC5255A2A88009F02E1 /* TabBarController.swift in Sources */,
				CA1B260E2559852F00EA0BAA /* AppDelegate.swift in Sources */,
				197DA9A425ABE53E002198DE /* SimultaneousOperationsQueue.swift in Sources */,
				CA1B26102559852F00EA0BAA /* SceneDelegate.swift in Sources */,
			);
			runOnlyForDeploymentPostprocessing = 0;
		};
/* End PBXSourcesBuildPhase section */

/* Begin PBXVariantGroup section */
		0BEAFA862568973300110547 /* FirstScreen.storyboard */ = {
			isa = PBXVariantGroup;
			children = (
				0BEAFA872568973300110547 /* Base */,
			);
			name = FirstScreen.storyboard;
			sourceTree = "<group>";
		};
		CA1B26132559852F00EA0BAA /* Home.storyboard */ = {
			isa = PBXVariantGroup;
			children = (
				CA1B26142559852F00EA0BAA /* Base */,
			);
			name = Home.storyboard;
			sourceTree = "<group>";
		};
		CA1B26182559853300EA0BAA /* LaunchScreen.storyboard */ = {
			isa = PBXVariantGroup;
			children = (
				CA1B26192559853300EA0BAA /* Base */,
			);
			name = LaunchScreen.storyboard;
			sourceTree = "<group>";
		};
/* End PBXVariantGroup section */

/* Begin XCBuildConfiguration section */
		CA1B261C2559853300EA0BAA /* Debug */ = {
			isa = XCBuildConfiguration;
			buildSettings = {
				ALWAYS_SEARCH_USER_PATHS = NO;
				CLANG_ANALYZER_NONNULL = YES;
				CLANG_ANALYZER_NUMBER_OBJECT_CONVERSION = YES_AGGRESSIVE;
				CLANG_CXX_LANGUAGE_STANDARD = "gnu++14";
				CLANG_CXX_LIBRARY = "libc++";
				CLANG_ENABLE_MODULES = YES;
				CLANG_ENABLE_OBJC_ARC = YES;
				CLANG_ENABLE_OBJC_WEAK = YES;
				CLANG_WARN_BLOCK_CAPTURE_AUTORELEASING = YES;
				CLANG_WARN_BOOL_CONVERSION = YES;
				CLANG_WARN_COMMA = YES;
				CLANG_WARN_CONSTANT_CONVERSION = YES;
				CLANG_WARN_DEPRECATED_OBJC_IMPLEMENTATIONS = YES;
				CLANG_WARN_DIRECT_OBJC_ISA_USAGE = YES_ERROR;
				CLANG_WARN_DOCUMENTATION_COMMENTS = YES;
				CLANG_WARN_EMPTY_BODY = YES;
				CLANG_WARN_ENUM_CONVERSION = YES;
				CLANG_WARN_INFINITE_RECURSION = YES;
				CLANG_WARN_INT_CONVERSION = YES;
				CLANG_WARN_NON_LITERAL_NULL_CONVERSION = YES;
				CLANG_WARN_OBJC_IMPLICIT_RETAIN_SELF = YES;
				CLANG_WARN_OBJC_LITERAL_CONVERSION = YES;
				CLANG_WARN_OBJC_ROOT_CLASS = YES_ERROR;
				CLANG_WARN_QUOTED_INCLUDE_IN_FRAMEWORK_HEADER = YES;
				CLANG_WARN_RANGE_LOOP_ANALYSIS = YES;
				CLANG_WARN_STRICT_PROTOTYPES = YES;
				CLANG_WARN_SUSPICIOUS_MOVE = YES;
				CLANG_WARN_UNGUARDED_AVAILABILITY = YES_AGGRESSIVE;
				CLANG_WARN_UNREACHABLE_CODE = YES;
				CLANG_WARN__DUPLICATE_METHOD_MATCH = YES;
				COPY_PHASE_STRIP = NO;
				DEBUG_INFORMATION_FORMAT = dwarf;
				ENABLE_STRICT_OBJC_MSGSEND = YES;
				ENABLE_TESTABILITY = YES;
				GCC_C_LANGUAGE_STANDARD = gnu11;
				GCC_DYNAMIC_NO_PIC = NO;
				GCC_NO_COMMON_BLOCKS = YES;
				GCC_OPTIMIZATION_LEVEL = 0;
				GCC_PREPROCESSOR_DEFINITIONS = (
					"DEBUG=1",
					"$(inherited)",
				);
				GCC_WARN_64_TO_32_BIT_CONVERSION = YES;
				GCC_WARN_ABOUT_RETURN_TYPE = YES_ERROR;
				GCC_WARN_UNDECLARED_SELECTOR = YES;
				GCC_WARN_UNINITIALIZED_AUTOS = YES_AGGRESSIVE;
				GCC_WARN_UNUSED_FUNCTION = YES;
				GCC_WARN_UNUSED_VARIABLE = YES;
				IPHONEOS_DEPLOYMENT_TARGET = 14.1;
				MTL_ENABLE_DEBUG_INFO = INCLUDE_SOURCE;
				MTL_FAST_MATH = YES;
				ONLY_ACTIVE_ARCH = YES;
				SDKROOT = iphoneos;
				SWIFT_ACTIVE_COMPILATION_CONDITIONS = DEBUG;
				SWIFT_OPTIMIZATION_LEVEL = "-Onone";
			};
			name = Debug;
		};
		CA1B261D2559853300EA0BAA /* Release */ = {
			isa = XCBuildConfiguration;
			buildSettings = {
				ALWAYS_SEARCH_USER_PATHS = NO;
				CLANG_ANALYZER_NONNULL = YES;
				CLANG_ANALYZER_NUMBER_OBJECT_CONVERSION = YES_AGGRESSIVE;
				CLANG_CXX_LANGUAGE_STANDARD = "gnu++14";
				CLANG_CXX_LIBRARY = "libc++";
				CLANG_ENABLE_MODULES = YES;
				CLANG_ENABLE_OBJC_ARC = YES;
				CLANG_ENABLE_OBJC_WEAK = YES;
				CLANG_WARN_BLOCK_CAPTURE_AUTORELEASING = YES;
				CLANG_WARN_BOOL_CONVERSION = YES;
				CLANG_WARN_COMMA = YES;
				CLANG_WARN_CONSTANT_CONVERSION = YES;
				CLANG_WARN_DEPRECATED_OBJC_IMPLEMENTATIONS = YES;
				CLANG_WARN_DIRECT_OBJC_ISA_USAGE = YES_ERROR;
				CLANG_WARN_DOCUMENTATION_COMMENTS = YES;
				CLANG_WARN_EMPTY_BODY = YES;
				CLANG_WARN_ENUM_CONVERSION = YES;
				CLANG_WARN_INFINITE_RECURSION = YES;
				CLANG_WARN_INT_CONVERSION = YES;
				CLANG_WARN_NON_LITERAL_NULL_CONVERSION = YES;
				CLANG_WARN_OBJC_IMPLICIT_RETAIN_SELF = YES;
				CLANG_WARN_OBJC_LITERAL_CONVERSION = YES;
				CLANG_WARN_OBJC_ROOT_CLASS = YES_ERROR;
				CLANG_WARN_QUOTED_INCLUDE_IN_FRAMEWORK_HEADER = YES;
				CLANG_WARN_RANGE_LOOP_ANALYSIS = YES;
				CLANG_WARN_STRICT_PROTOTYPES = YES;
				CLANG_WARN_SUSPICIOUS_MOVE = YES;
				CLANG_WARN_UNGUARDED_AVAILABILITY = YES_AGGRESSIVE;
				CLANG_WARN_UNREACHABLE_CODE = YES;
				CLANG_WARN__DUPLICATE_METHOD_MATCH = YES;
				COPY_PHASE_STRIP = NO;
				DEBUG_INFORMATION_FORMAT = "dwarf-with-dsym";
				ENABLE_NS_ASSERTIONS = NO;
				ENABLE_STRICT_OBJC_MSGSEND = YES;
				GCC_C_LANGUAGE_STANDARD = gnu11;
				GCC_NO_COMMON_BLOCKS = YES;
				GCC_WARN_64_TO_32_BIT_CONVERSION = YES;
				GCC_WARN_ABOUT_RETURN_TYPE = YES_ERROR;
				GCC_WARN_UNDECLARED_SELECTOR = YES;
				GCC_WARN_UNINITIALIZED_AUTOS = YES_AGGRESSIVE;
				GCC_WARN_UNUSED_FUNCTION = YES;
				GCC_WARN_UNUSED_VARIABLE = YES;
				IPHONEOS_DEPLOYMENT_TARGET = 14.1;
				MTL_ENABLE_DEBUG_INFO = NO;
				MTL_FAST_MATH = YES;
				SDKROOT = iphoneos;
				SWIFT_COMPILATION_MODE = wholemodule;
				SWIFT_OPTIMIZATION_LEVEL = "-O";
				VALIDATE_PRODUCT = YES;
			};
			name = Release;
		};
		CA1B261F2559853300EA0BAA /* Debug */ = {
			isa = XCBuildConfiguration;
			baseConfigurationReference = 217A8B3FD05AC97F155ADFAD /* Pods-DigitlaPokedex.debug.xcconfig */;
			buildSettings = {
				ASSETCATALOG_COMPILER_APPICON_NAME = AppIcon;
				ASSETCATALOG_COMPILER_GLOBAL_ACCENT_COLOR_NAME = AccentColor;
				CODE_SIGN_STYLE = Automatic;
				DEVELOPMENT_TEAM = U2BKJ22455;
				INFOPLIST_FILE = DigitlaPokedex/Info.plist;
				LD_RUNPATH_SEARCH_PATHS = (
					"$(inherited)",
					"@executable_path/Frameworks",
				);
				PRODUCT_BUNDLE_IDENTIFIER = com.cetava.DigitalPokedex;
				PRODUCT_NAME = "$(TARGET_NAME)";
				SWIFT_VERSION = 5.0;
				TARGETED_DEVICE_FAMILY = "1,2";
			};
			name = Debug;
		};
		CA1B26202559853300EA0BAA /* Release */ = {
			isa = XCBuildConfiguration;
			baseConfigurationReference = AE101D2EEDAEC753486A773A /* Pods-DigitlaPokedex.release.xcconfig */;
			buildSettings = {
				ASSETCATALOG_COMPILER_APPICON_NAME = AppIcon;
				ASSETCATALOG_COMPILER_GLOBAL_ACCENT_COLOR_NAME = AccentColor;
				CODE_SIGN_STYLE = Automatic;
				DEVELOPMENT_TEAM = U2BKJ22455;
				INFOPLIST_FILE = DigitlaPokedex/Info.plist;
				LD_RUNPATH_SEARCH_PATHS = (
					"$(inherited)",
					"@executable_path/Frameworks",
				);
				PRODUCT_BUNDLE_IDENTIFIER = com.cetava.DigitalPokedex;
				PRODUCT_NAME = "$(TARGET_NAME)";
				SWIFT_VERSION = 5.0;
				TARGETED_DEVICE_FAMILY = "1,2";
			};
			name = Release;
		};
/* End XCBuildConfiguration section */

/* Begin XCConfigurationList section */
		CA1B26052559852F00EA0BAA /* Build configuration list for PBXProject "DigitlaPokedex" */ = {
			isa = XCConfigurationList;
			buildConfigurations = (
				CA1B261C2559853300EA0BAA /* Debug */,
				CA1B261D2559853300EA0BAA /* Release */,
			);
			defaultConfigurationIsVisible = 0;
			defaultConfigurationName = Release;
		};
		CA1B261E2559853300EA0BAA /* Build configuration list for PBXNativeTarget "DigitlaPokedex" */ = {
			isa = XCConfigurationList;
			buildConfigurations = (
				CA1B261F2559853300EA0BAA /* Debug */,
				CA1B26202559853300EA0BAA /* Release */,
			);
			defaultConfigurationIsVisible = 0;
			defaultConfigurationName = Release;
		};
/* End XCConfigurationList section */
	};
	rootObject = CA1B26022559852F00EA0BAA /* Project object */;
}
