// !$*UTF8*$!
{
	archiveVersion = 1;
	classes = {
	};
	objectVersion = 51;
	objects = {

/* Begin PBXBuildFile section */
		0B5138852568985500F1FC11 /* Colors.swift in Sources */ = {isa = PBXBuildFile; fileRef = 0B5138842568985500F1FC11 /* Colors.swift */; };
		0BEAFA8E2568973300110547 /* ViewController.swift in Sources */ = {isa = PBXBuildFile; fileRef = 0BEAFA852568973300110547 /* ViewController.swift */; };
		0BEAFA8F2568973300110547 /* Main.storyboard in Resources */ = {isa = PBXBuildFile; fileRef = 0BEAFA862568973300110547 /* Main.storyboard */; };
		0BEAFA902568973300110547 /* LoginScreen.storyboard in Resources */ = {isa = PBXBuildFile; fileRef = 0BEAFA892568973300110547 /* LoginScreen.storyboard */; };
		0BEAFA912568973300110547 /* LoginScreenViewController.swift in Sources */ = {isa = PBXBuildFile; fileRef = 0BEAFA8A2568973300110547 /* LoginScreenViewController.swift */; };
		0BEAFA922568973300110547 /* SignUpScreenViewController.swift in Sources */ = {isa = PBXBuildFile; fileRef = 0BEAFA8C2568973300110547 /* SignUpScreenViewController.swift */; };
		0BEAFA932568973300110547 /* SignUpScreen.storyboard in Resources */ = {isa = PBXBuildFile; fileRef = 0BEAFA8D2568973300110547 /* SignUpScreen.storyboard */; };
		A8978631B412F69CE2AC865D /* Pods_DigitlaPokedex.framework in Frameworks */ = {isa = PBXBuildFile; fileRef = 2629691A5DCEF035A51EC5D6 /* Pods_DigitlaPokedex.framework */; };
		CA1B260E2559852F00EA0BAA /* AppDelegate.swift in Sources */ = {isa = PBXBuildFile; fileRef = CA1B260D2559852F00EA0BAA /* AppDelegate.swift */; };
		CA1B26102559852F00EA0BAA /* SceneDelegate.swift in Sources */ = {isa = PBXBuildFile; fileRef = CA1B260F2559852F00EA0BAA /* SceneDelegate.swift */; };
		CA1B26122559852F00EA0BAA /* HomeViewController.swift in Sources */ = {isa = PBXBuildFile; fileRef = CA1B26112559852F00EA0BAA /* HomeViewController.swift */; };
		CA1B26152559852F00EA0BAA /* Home.storyboard in Resources */ = {isa = PBXBuildFile; fileRef = CA1B26132559852F00EA0BAA /* Home.storyboard */; };
		CA1B26172559853300EA0BAA /* Assets.xcassets in Resources */ = {isa = PBXBuildFile; fileRef = CA1B26162559853300EA0BAA /* Assets.xcassets */; };
		CA1B261A2559853300EA0BAA /* LaunchScreen.storyboard in Resources */ = {isa = PBXBuildFile; fileRef = CA1B26182559853300EA0BAA /* LaunchScreen.storyboard */; };
		CA1B2625255987FC00EA0BAA /* PokemonDetailViewController.swift in Sources */ = {isa = PBXBuildFile; fileRef = CA1B2624255987FC00EA0BAA /* PokemonDetailViewController.swift */; };
		CA24C1E025681D9600849519 /* FavoritesViewCell.swift in Sources */ = {isa = PBXBuildFile; fileRef = CA24C1DF25681D9600849519 /* FavoritesViewCell.swift */; };
		CA24C1E325681DAE00849519 /* HomeViewCell.swift in Sources */ = {isa = PBXBuildFile; fileRef = CA24C1E225681DAE00849519 /* HomeViewCell.swift */; };
		CA24C1ED2568223000849519 /* Borders.swift in Sources */ = {isa = PBXBuildFile; fileRef = CA24C1EC2568223000849519 /* Borders.swift */; };
		CADFBCB92559887C009F02E1 /* PokemonDetail.storyboard in Resources */ = {isa = PBXBuildFile; fileRef = CADFBCB82559887C009F02E1 /* PokemonDetail.storyboard */; };
		CADFBCBD255989EA009F02E1 /* PokemonFavoritesViewController.swift in Sources */ = {isa = PBXBuildFile; fileRef = CADFBCBC255989EA009F02E1 /* PokemonFavoritesViewController.swift */; };
		CADFBCC1255989F2009F02E1 /* PokemonFavorites.storyboard in Resources */ = {isa = PBXBuildFile; fileRef = CADFBCC0255989F2009F02E1 /* PokemonFavorites.storyboard */; };
		CADFBCC5255A2A88009F02E1 /* TabBarController.swift in Sources */ = {isa = PBXBuildFile; fileRef = CADFBCC4255A2A88009F02E1 /* TabBarController.swift */; };
/* End PBXBuildFile section */

/* Begin PBXFileReference section */
		0B5138842568985500F1FC11 /* Colors.swift */ = {isa = PBXFileReference; lastKnownFileType = sourcecode.swift; path = Colors.swift; sourceTree = "<group>"; };
		0BEAFA852568973300110547 /* ViewController.swift */ = {isa = PBXFileReference; fileEncoding = 4; lastKnownFileType = sourcecode.swift; path = ViewController.swift; sourceTree = "<group>"; };
		0BEAFA872568973300110547 /* Base */ = {isa = PBXFileReference; lastKnownFileType = file.storyboard; name = Base; path = Base.lproj/Main.storyboard; sourceTree = "<group>"; };
		0BEAFA892568973300110547 /* LoginScreen.storyboard */ = {isa = PBXFileReference; fileEncoding = 4; lastKnownFileType = file.storyboard; path = LoginScreen.storyboard; sourceTree = "<group>"; };
		0BEAFA8A2568973300110547 /* LoginScreenViewController.swift */ = {isa = PBXFileReference; fileEncoding = 4; lastKnownFileType = sourcecode.swift; path = LoginScreenViewController.swift; sourceTree = "<group>"; };
		0BEAFA8C2568973300110547 /* SignUpScreenViewController.swift */ = {isa = PBXFileReference; fileEncoding = 4; lastKnownFileType = sourcecode.swift; path = SignUpScreenViewController.swift; sourceTree = "<group>"; };
		0BEAFA8D2568973300110547 /* SignUpScreen.storyboard */ = {isa = PBXFileReference; fileEncoding = 4; lastKnownFileType = file.storyboard; path = SignUpScreen.storyboard; sourceTree = "<group>"; };
		217A8B3FD05AC97F155ADFAD /* Pods-DigitlaPokedex.debug.xcconfig */ = {isa = PBXFileReference; includeInIndex = 1; lastKnownFileType = text.xcconfig; name = "Pods-DigitlaPokedex.debug.xcconfig"; path = "Target Support Files/Pods-DigitlaPokedex/Pods-DigitlaPokedex.debug.xcconfig"; sourceTree = "<group>"; };
		2629691A5DCEF035A51EC5D6 /* Pods_DigitlaPokedex.framework */ = {isa = PBXFileReference; explicitFileType = wrapper.framework; includeInIndex = 0; path = Pods_DigitlaPokedex.framework; sourceTree = BUILT_PRODUCTS_DIR; };
		AE101D2EEDAEC753486A773A /* Pods-DigitlaPokedex.release.xcconfig */ = {isa = PBXFileReference; includeInIndex = 1; lastKnownFileType = text.xcconfig; name = "Pods-DigitlaPokedex.release.xcconfig"; path = "Target Support Files/Pods-DigitlaPokedex/Pods-DigitlaPokedex.release.xcconfig"; sourceTree = "<group>"; };
		CA1B260A2559852F00EA0BAA /* DigitlaPokedex.app */ = {isa = PBXFileReference; explicitFileType = wrapper.application; includeInIndex = 0; path = DigitlaPokedex.app; sourceTree = BUILT_PRODUCTS_DIR; };
		CA1B260D2559852F00EA0BAA /* AppDelegate.swift */ = {isa = PBXFileReference; lastKnownFileType = sourcecode.swift; path = AppDelegate.swift; sourceTree = "<group>"; };
		CA1B260F2559852F00EA0BAA /* SceneDelegate.swift */ = {isa = PBXFileReference; lastKnownFileType = sourcecode.swift; path = SceneDelegate.swift; sourceTree = "<group>"; };
		CA1B26112559852F00EA0BAA /* HomeViewController.swift */ = {isa = PBXFileReference; lastKnownFileType = sourcecode.swift; path = HomeViewController.swift; sourceTree = "<group>"; };
		CA1B26142559852F00EA0BAA /* Base */ = {isa = PBXFileReference; lastKnownFileType = file.storyboard; name = Base; path = Base.lproj/Home.storyboard; sourceTree = "<group>"; };
		CA1B26162559853300EA0BAA /* Assets.xcassets */ = {isa = PBXFileReference; lastKnownFileType = folder.assetcatalog; path = Assets.xcassets; sourceTree = "<group>"; };
		CA1B26192559853300EA0BAA /* Base */ = {isa = PBXFileReference; lastKnownFileType = file.storyboard; name = Base; path = Base.lproj/LaunchScreen.storyboard; sourceTree = "<group>"; };
		CA1B261B2559853300EA0BAA /* Info.plist */ = {isa = PBXFileReference; lastKnownFileType = text.plist.xml; path = Info.plist; sourceTree = "<group>"; };
		CA1B2624255987FC00EA0BAA /* PokemonDetailViewController.swift */ = {isa = PBXFileReference; lastKnownFileType = sourcecode.swift; path = PokemonDetailViewController.swift; sourceTree = "<group>"; };
		CA24C1DF25681D9600849519 /* FavoritesViewCell.swift */ = {isa = PBXFileReference; lastKnownFileType = sourcecode.swift; path = FavoritesViewCell.swift; sourceTree = "<group>"; };
		CA24C1E225681DAE00849519 /* HomeViewCell.swift */ = {isa = PBXFileReference; lastKnownFileType = sourcecode.swift; path = HomeViewCell.swift; sourceTree = "<group>"; };
		CA24C1EC2568223000849519 /* Borders.swift */ = {isa = PBXFileReference; lastKnownFileType = sourcecode.swift; path = Borders.swift; sourceTree = "<group>"; };
		CADFBCB82559887C009F02E1 /* PokemonDetail.storyboard */ = {isa = PBXFileReference; lastKnownFileType = file.storyboard; path = PokemonDetail.storyboard; sourceTree = "<group>"; };
		CADFBCBC255989EA009F02E1 /* PokemonFavoritesViewController.swift */ = {isa = PBXFileReference; lastKnownFileType = sourcecode.swift; path = PokemonFavoritesViewController.swift; sourceTree = "<group>"; };
		CADFBCC0255989F2009F02E1 /* PokemonFavorites.storyboard */ = {isa = PBXFileReference; lastKnownFileType = file.storyboard; path = PokemonFavorites.storyboard; sourceTree = "<group>"; };
		CADFBCC4255A2A88009F02E1 /* TabBarController.swift */ = {isa = PBXFileReference; lastKnownFileType = sourcecode.swift; path = TabBarController.swift; sourceTree = "<group>"; };
/* End PBXFileReference section */

/* Begin PBXFrameworksBuildPhase section */
		CA1B26072559852F00EA0BAA /* Frameworks */ = {
			isa = PBXFrameworksBuildPhase;
			buildActionMask = 2147483647;
			files = (
				A8978631B412F69CE2AC865D /* Pods_DigitlaPokedex.framework in Frameworks */,
			);
			runOnlyForDeploymentPostprocessing = 0;
		};
/* End PBXFrameworksBuildPhase section */

/* Begin PBXGroup section */
		0BEAFA842568973300110547 /* FirstScreen */ = {
			isa = PBXGroup;
			children = (
				0BEAFA852568973300110547 /* ViewController.swift */,
				0BEAFA862568973300110547 /* Main.storyboard */,
			);
			path = FirstScreen;
			sourceTree = "<group>";
		};
		0BEAFA882568973300110547 /* LoginScreen */ = {
			isa = PBXGroup;
			children = (
				0BEAFA892568973300110547 /* LoginScreen.storyboard */,
				0BEAFA8A2568973300110547 /* LoginScreenViewController.swift */,
			);
			path = LoginScreen;
			sourceTree = "<group>";
		};
		0BEAFA8B2568973300110547 /* SignUpScreen */ = {
			isa = PBXGroup;
			children = (
				0BEAFA8C2568973300110547 /* SignUpScreenViewController.swift */,
				0BEAFA8D2568973300110547 /* SignUpScreen.storyboard */,
			);
			path = SignUpScreen;
			sourceTree = "<group>";
		};
		1205C6D6B8E24CD748A67F9D /* Frameworks */ = {
			isa = PBXGroup;
			children = (
				2629691A5DCEF035A51EC5D6 /* Pods_DigitlaPokedex.framework */,
			);
			name = Frameworks;
			sourceTree = "<group>";
		};
		CA1B26012559852F00EA0BAA = {
			isa = PBXGroup;
			children = (
				CA1B260C2559852F00EA0BAA /* DigitlaPokedex */,
				CA1B260B2559852F00EA0BAA /* Products */,
				F0F557FE33F3F436BB80AF80 /* Pods */,
				1205C6D6B8E24CD748A67F9D /* Frameworks */,
			);
			sourceTree = "<group>";
		};
		CA1B260B2559852F00EA0BAA /* Products */ = {
			isa = PBXGroup;
			children = (
				CA1B260A2559852F00EA0BAA /* DigitlaPokedex.app */,
			);
			name = Products;
			sourceTree = "<group>";
		};
		CA1B260C2559852F00EA0BAA /* DigitlaPokedex */ = {
			isa = PBXGroup;
			children = (
				CADFBCC325599154009F02E1 /* Classes */,
				0BEAFA842568973300110547 /* FirstScreen */,
				0BEAFA882568973300110547 /* LoginScreen */,
				0BEAFA8B2568973300110547 /* SignUpScreen */,
				CA24C1CA25680A8300849519 /* Home */,
				CADFBCBB255989A2009F02E1 /* PokemonFavorites */,
				CA1B2623255987C300EA0BAA /* PokemonDetail */,
				CA24C1EB256821E700849519 /* PokemonEvolutions */,
				CA1B260D2559852F00EA0BAA /* AppDelegate.swift */,
				CA1B260F2559852F00EA0BAA /* SceneDelegate.swift */,
				CA1B26162559853300EA0BAA /* Assets.xcassets */,
				CA1B26182559853300EA0BAA /* LaunchScreen.storyboard */,
				CA1B261B2559853300EA0BAA /* Info.plist */,
				0B5138842568985500F1FC11 /* Colors.swift */,
			);
			path = DigitlaPokedex;
			sourceTree = "<group>";
		};
		CA1B2623255987C300EA0BAA /* PokemonDetail */ = {
			isa = PBXGroup;
			children = (
				CA1B2624255987FC00EA0BAA /* PokemonDetailViewController.swift */,
				CADFBCB82559887C009F02E1 /* PokemonDetail.storyboard */,
			);
			path = PokemonDetail;
			sourceTree = "<group>";
		};
		CA24C1CA25680A8300849519 /* Home */ = {
			isa = PBXGroup;
			children = (
				CA1B26112559852F00EA0BAA /* HomeViewController.swift */,
				CA1B26132559852F00EA0BAA /* Home.storyboard */,
				CA24C1E225681DAE00849519 /* HomeViewCell.swift */,
			);
			path = Home;
			sourceTree = "<group>";
		};
		CA24C1EB256821E700849519 /* PokemonEvolutions */ = {
			isa = PBXGroup;
			children = (
			);
			path = PokemonEvolutions;
			sourceTree = "<group>";
		};
		CADFBCBB255989A2009F02E1 /* PokemonFavorites */ = {
			isa = PBXGroup;
			children = (
				CADFBCBC255989EA009F02E1 /* PokemonFavoritesViewController.swift */,
				CADFBCC0255989F2009F02E1 /* PokemonFavorites.storyboard */,
				CA24C1DF25681D9600849519 /* FavoritesViewCell.swift */,
			);
			path = PokemonFavorites;
			sourceTree = "<group>";
		};
		CADFBCC325599154009F02E1 /* Classes */ = {
			isa = PBXGroup;
			children = (
				CADFBCC4255A2A88009F02E1 /* TabBarController.swift */,
				CA24C1EC2568223000849519 /* Borders.swift */,
			);
			path = Classes;
			sourceTree = "<group>";
		};
		F0F557FE33F3F436BB80AF80 /* Pods */ = {
			isa = PBXGroup;
			children = (
				217A8B3FD05AC97F155ADFAD /* Pods-DigitlaPokedex.debug.xcconfig */,
				AE101D2EEDAEC753486A773A /* Pods-DigitlaPokedex.release.xcconfig */,
			);
			path = Pods;
			sourceTree = "<group>";
		};
/* End PBXGroup section */

/* Begin PBXNativeTarget section */
		CA1B26092559852F00EA0BAA /* DigitlaPokedex */ = {
			isa = PBXNativeTarget;
			buildConfigurationList = CA1B261E2559853300EA0BAA /* Build configuration list for PBXNativeTarget "DigitlaPokedex" */;
			buildPhases = (
				FF61D365B454BF9CEFC4B4EC /* [CP] Check Pods Manifest.lock */,
				CA1B26062559852F00EA0BAA /* Sources */,
				CA1B26072559852F00EA0BAA /* Frameworks */,
				CA1B26082559852F00EA0BAA /* Resources */,
				62383B46A33116D009B47CE9 /* [CP] Embed Pods Frameworks */,
			);
			buildRules = (
			);
			dependencies = (
			);
			name = DigitlaPokedex;
			productName = DigitlaPokedex;
			productReference = CA1B260A2559852F00EA0BAA /* DigitlaPokedex.app */;
			productType = "com.apple.product-type.application";
		};
/* End PBXNativeTarget section */

/* Begin PBXProject section */
		CA1B26022559852F00EA0BAA /* Project object */ = {
			isa = PBXProject;
			attributes = {
				LastSwiftUpdateCheck = 1210;
				LastUpgradeCheck = 1210;
				TargetAttributes = {
					CA1B26092559852F00EA0BAA = {
						CreatedOnToolsVersion = 12.1;
					};
				};
			};
			buildConfigurationList = CA1B26052559852F00EA0BAA /* Build configuration list for PBXProject "DigitlaPokedex" */;
			compatibilityVersion = "Xcode 9.3";
			developmentRegion = en;
			hasScannedForEncodings = 0;
			knownRegions = (
				en,
				Base,
			);
			mainGroup = CA1B26012559852F00EA0BAA;
			productRefGroup = CA1B260B2559852F00EA0BAA /* Products */;
			projectDirPath = "";
			projectRoot = "";
			targets = (
				CA1B26092559852F00EA0BAA /* DigitlaPokedex */,
			);
		};
/* End PBXProject section */

/* Begin PBXResourcesBuildPhase section */
		CA1B26082559852F00EA0BAA /* Resources */ = {
			isa = PBXResourcesBuildPhase;
			buildActionMask = 2147483647;
			files = (
				CA1B261A2559853300EA0BAA /* LaunchScreen.storyboard in Resources */,
				0BEAFA902568973300110547 /* LoginScreen.storyboard in Resources */,
				CADFBCC1255989F2009F02E1 /* PokemonFavorites.storyboard in Resources */,
				CA1B26172559853300EA0BAA /* Assets.xcassets in Resources */,
				0BEAFA932568973300110547 /* SignUpScreen.storyboard in Resources */,
				0BEAFA8F2568973300110547 /* Main.storyboard in Resources */,
				CA1B26152559852F00EA0BAA /* Home.storyboard in Resources */,
				CADFBCB92559887C009F02E1 /* PokemonDetail.storyboard in Resources */,
			);
			runOnlyForDeploymentPostprocessing = 0;
		};
/* End PBXResourcesBuildPhase section */

/* Begin PBXShellScriptBuildPhase section */
		62383B46A33116D009B47CE9 /* [CP] Embed Pods Frameworks */ = {
			isa = PBXShellScriptBuildPhase;
			buildActionMask = 2147483647;
			files = (
			);
			inputFileListPaths = (
				"${PODS_ROOT}/Target Support Files/Pods-DigitlaPokedex/Pods-DigitlaPokedex-frameworks-${CONFIGURATION}-input-files.xcfilelist",
			);
			name = "[CP] Embed Pods Frameworks";
			outputFileListPaths = (
				"${PODS_ROOT}/Target Support Files/Pods-DigitlaPokedex/Pods-DigitlaPokedex-frameworks-${CONFIGURATION}-output-files.xcfilelist",
			);
			runOnlyForDeploymentPostprocessing = 0;
			shellPath = /bin/sh;
			shellScript = "\"${PODS_ROOT}/Target Support Files/Pods-DigitlaPokedex/Pods-DigitlaPokedex-frameworks.sh\"\n";
			showEnvVarsInLog = 0;
		};
		FF61D365B454BF9CEFC4B4EC /* [CP] Check Pods Manifest.lock */ = {
			isa = PBXShellScriptBuildPhase;
			buildActionMask = 2147483647;
			files = (
			);
			inputFileListPaths = (
			);
			inputPaths = (
				"${PODS_PODFILE_DIR_PATH}/Podfile.lock",
				"${PODS_ROOT}/Manifest.lock",
			);
			name = "[CP] Check Pods Manifest.lock";
			outputFileListPaths = (
			);
			outputPaths = (
				"$(DERIVED_FILE_DIR)/Pods-DigitlaPokedex-checkManifestLockResult.txt",
			);
			runOnlyForDeploymentPostprocessing = 0;
			shellPath = /bin/sh;
			shellScript = "diff \"${PODS_PODFILE_DIR_PATH}/Podfile.lock\" \"${PODS_ROOT}/Manifest.lock\" > /dev/null\nif [ $? != 0 ] ; then\n    # print error to STDERR\n    echo \"error: The sandbox is not in sync with the Podfile.lock. Run 'pod install' or update your CocoaPods installation.\" >&2\n    exit 1\nfi\n# This output is used by Xcode 'outputs' to avoid re-running this script phase.\necho \"SUCCESS\" > \"${SCRIPT_OUTPUT_FILE_0}\"\n";
			showEnvVarsInLog = 0;
		};
/* End PBXShellScriptBuildPhase section */

/* Begin PBXSourcesBuildPhase section */
		CA1B26062559852F00EA0BAA /* Sources */ = {
			isa = PBXSourcesBuildPhase;
			buildActionMask = 2147483647;
			files = (
				0BEAFA912568973300110547 /* LoginScreenViewController.swift in Sources */,
				0BEAFA8E2568973300110547 /* ViewController.swift in Sources */,
				CADFBCBD255989EA009F02E1 /* PokemonFavoritesViewController.swift in Sources */,
				CA24C1E325681DAE00849519 /* HomeViewCell.swift in Sources */,
				0BEAFA922568973300110547 /* SignUpScreenViewController.swift in Sources */,
				CA24C1ED2568223000849519 /* Borders.swift in Sources */,
				CA1B26122559852F00EA0BAA /* HomeViewController.swift in Sources */,
				CA24C1E025681D9600849519 /* FavoritesViewCell.swift in Sources */,
				0B5138852568985500F1FC11 /* Colors.swift in Sources */,
				CA1B2625255987FC00EA0BAA /* PokemonDetailViewController.swift in Sources */,
				CADFBCC5255A2A88009F02E1 /* TabBarController.swift in Sources */,
				CA1B260E2559852F00EA0BAA /* AppDelegate.swift in Sources */,
				CA1B26102559852F00EA0BAA /* SceneDelegate.swift in Sources */,
			);
			runOnlyForDeploymentPostprocessing = 0;
		};
/* End PBXSourcesBuildPhase section */

/* Begin PBXVariantGroup section */
		0BEAFA862568973300110547 /* Main.storyboard */ = {
			isa = PBXVariantGroup;
			children = (
				0BEAFA872568973300110547 /* Base */,
			);
			name = Main.storyboard;
			sourceTree = "<group>";
		};
		CA1B26132559852F00EA0BAA /* Home.storyboard */ = {
			isa = PBXVariantGroup;
			children = (
				CA1B26142559852F00EA0BAA /* Base */,
			);
			name = Home.storyboard;
			sourceTree = "<group>";
		};
		CA1B26182559853300EA0BAA /* LaunchScreen.storyboard */ = {
			isa = PBXVariantGroup;
			children = (
				CA1B26192559853300EA0BAA /* Base */,
			);
			name = LaunchScreen.storyboard;
			sourceTree = "<group>";
		};
/* End PBXVariantGroup section */

/* Begin XCBuildConfiguration section */
		CA1B261C2559853300EA0BAA /* Debug */ = {
			isa = XCBuildConfiguration;
			buildSettings = {
				ALWAYS_SEARCH_USER_PATHS = NO;
				CLANG_ANALYZER_NONNULL = YES;
				CLANG_ANALYZER_NUMBER_OBJECT_CONVERSION = YES_AGGRESSIVE;
				CLANG_CXX_LANGUAGE_STANDARD = "gnu++14";
				CLANG_CXX_LIBRARY = "libc++";
				CLANG_ENABLE_MODULES = YES;
				CLANG_ENABLE_OBJC_ARC = YES;
				CLANG_ENABLE_OBJC_WEAK = YES;
				CLANG_WARN_BLOCK_CAPTURE_AUTORELEASING = YES;
				CLANG_WARN_BOOL_CONVERSION = YES;
				CLANG_WARN_COMMA = YES;
				CLANG_WARN_CONSTANT_CONVERSION = YES;
				CLANG_WARN_DEPRECATED_OBJC_IMPLEMENTATIONS = YES;
				CLANG_WARN_DIRECT_OBJC_ISA_USAGE = YES_ERROR;
				CLANG_WARN_DOCUMENTATION_COMMENTS = YES;
				CLANG_WARN_EMPTY_BODY = YES;
				CLANG_WARN_ENUM_CONVERSION = YES;
				CLANG_WARN_INFINITE_RECURSION = YES;
				CLANG_WARN_INT_CONVERSION = YES;
				CLANG_WARN_NON_LITERAL_NULL_CONVERSION = YES;
				CLANG_WARN_OBJC_IMPLICIT_RETAIN_SELF = YES;
				CLANG_WARN_OBJC_LITERAL_CONVERSION = YES;
				CLANG_WARN_OBJC_ROOT_CLASS = YES_ERROR;
				CLANG_WARN_QUOTED_INCLUDE_IN_FRAMEWORK_HEADER = YES;
				CLANG_WARN_RANGE_LOOP_ANALYSIS = YES;
				CLANG_WARN_STRICT_PROTOTYPES = YES;
				CLANG_WARN_SUSPICIOUS_MOVE = YES;
				CLANG_WARN_UNGUARDED_AVAILABILITY = YES_AGGRESSIVE;
				CLANG_WARN_UNREACHABLE_CODE = YES;
				CLANG_WARN__DUPLICATE_METHOD_MATCH = YES;
				COPY_PHASE_STRIP = NO;
				DEBUG_INFORMATION_FORMAT = dwarf;
				ENABLE_STRICT_OBJC_MSGSEND = YES;
				ENABLE_TESTABILITY = YES;
				GCC_C_LANGUAGE_STANDARD = gnu11;
				GCC_DYNAMIC_NO_PIC = NO;
				GCC_NO_COMMON_BLOCKS = YES;
				GCC_OPTIMIZATION_LEVEL = 0;
				GCC_PREPROCESSOR_DEFINITIONS = (
					"DEBUG=1",
					"$(inherited)",
				);
				GCC_WARN_64_TO_32_BIT_CONVERSION = YES;
				GCC_WARN_ABOUT_RETURN_TYPE = YES_ERROR;
				GCC_WARN_UNDECLARED_SELECTOR = YES;
				GCC_WARN_UNINITIALIZED_AUTOS = YES_AGGRESSIVE;
				GCC_WARN_UNUSED_FUNCTION = YES;
				GCC_WARN_UNUSED_VARIABLE = YES;
				IPHONEOS_DEPLOYMENT_TARGET = 14.1;
				MTL_ENABLE_DEBUG_INFO = INCLUDE_SOURCE;
				MTL_FAST_MATH = YES;
				ONLY_ACTIVE_ARCH = YES;
				SDKROOT = iphoneos;
				SWIFT_ACTIVE_COMPILATION_CONDITIONS = DEBUG;
				SWIFT_OPTIMIZATION_LEVEL = "-Onone";
			};
			name = Debug;
		};
		CA1B261D2559853300EA0BAA /* Release */ = {
			isa = XCBuildConfiguration;
			buildSettings = {
				ALWAYS_SEARCH_USER_PATHS = NO;
				CLANG_ANALYZER_NONNULL = YES;
				CLANG_ANALYZER_NUMBER_OBJECT_CONVERSION = YES_AGGRESSIVE;
				CLANG_CXX_LANGUAGE_STANDARD = "gnu++14";
				CLANG_CXX_LIBRARY = "libc++";
				CLANG_ENABLE_MODULES = YES;
				CLANG_ENABLE_OBJC_ARC = YES;
				CLANG_ENABLE_OBJC_WEAK = YES;
				CLANG_WARN_BLOCK_CAPTURE_AUTORELEASING = YES;
				CLANG_WARN_BOOL_CONVERSION = YES;
				CLANG_WARN_COMMA = YES;
				CLANG_WARN_CONSTANT_CONVERSION = YES;
				CLANG_WARN_DEPRECATED_OBJC_IMPLEMENTATIONS = YES;
				CLANG_WARN_DIRECT_OBJC_ISA_USAGE = YES_ERROR;
				CLANG_WARN_DOCUMENTATION_COMMENTS = YES;
				CLANG_WARN_EMPTY_BODY = YES;
				CLANG_WARN_ENUM_CONVERSION = YES;
				CLANG_WARN_INFINITE_RECURSION = YES;
				CLANG_WARN_INT_CONVERSION = YES;
				CLANG_WARN_NON_LITERAL_NULL_CONVERSION = YES;
				CLANG_WARN_OBJC_IMPLICIT_RETAIN_SELF = YES;
				CLANG_WARN_OBJC_LITERAL_CONVERSION = YES;
				CLANG_WARN_OBJC_ROOT_CLASS = YES_ERROR;
				CLANG_WARN_QUOTED_INCLUDE_IN_FRAMEWORK_HEADER = YES;
				CLANG_WARN_RANGE_LOOP_ANALYSIS = YES;
				CLANG_WARN_STRICT_PROTOTYPES = YES;
				CLANG_WARN_SUSPICIOUS_MOVE = YES;
				CLANG_WARN_UNGUARDED_AVAILABILITY = YES_AGGRESSIVE;
				CLANG_WARN_UNREACHABLE_CODE = YES;
				CLANG_WARN__DUPLICATE_METHOD_MATCH = YES;
				COPY_PHASE_STRIP = NO;
				DEBUG_INFORMATION_FORMAT = "dwarf-with-dsym";
				ENABLE_NS_ASSERTIONS = NO;
				ENABLE_STRICT_OBJC_MSGSEND = YES;
				GCC_C_LANGUAGE_STANDARD = gnu11;
				GCC_NO_COMMON_BLOCKS = YES;
				GCC_WARN_64_TO_32_BIT_CONVERSION = YES;
				GCC_WARN_ABOUT_RETURN_TYPE = YES_ERROR;
				GCC_WARN_UNDECLARED_SELECTOR = YES;
				GCC_WARN_UNINITIALIZED_AUTOS = YES_AGGRESSIVE;
				GCC_WARN_UNUSED_FUNCTION = YES;
				GCC_WARN_UNUSED_VARIABLE = YES;
				IPHONEOS_DEPLOYMENT_TARGET = 14.1;
				MTL_ENABLE_DEBUG_INFO = NO;
				MTL_FAST_MATH = YES;
				SDKROOT = iphoneos;
				SWIFT_COMPILATION_MODE = wholemodule;
				SWIFT_OPTIMIZATION_LEVEL = "-O";
				VALIDATE_PRODUCT = YES;
			};
			name = Release;
		};
		CA1B261F2559853300EA0BAA /* Debug */ = {
			isa = XCBuildConfiguration;
			baseConfigurationReference = 217A8B3FD05AC97F155ADFAD /* Pods-DigitlaPokedex.debug.xcconfig */;
			buildSettings = {
				ASSETCATALOG_COMPILER_APPICON_NAME = AppIcon;
				ASSETCATALOG_COMPILER_GLOBAL_ACCENT_COLOR_NAME = AccentColor;
				CODE_SIGN_STYLE = Automatic;
				DEVELOPMENT_TEAM = 7QQ8S647LF;
				INFOPLIST_FILE = DigitlaPokedex/Info.plist;
				LD_RUNPATH_SEARCH_PATHS = (
					"$(inherited)",
					"@executable_path/Frameworks",
				);
				PRODUCT_BUNDLE_IDENTIFIER = com.cetava.DigitlaPokedex;
				PRODUCT_NAME = "$(TARGET_NAME)";
				SWIFT_VERSION = 5.0;
				TARGETED_DEVICE_FAMILY = "1,2";
			};
			name = Debug;
		};
		CA1B26202559853300EA0BAA /* Release */ = {
			isa = XCBuildConfiguration;
			baseConfigurationReference = AE101D2EEDAEC753486A773A /* Pods-DigitlaPokedex.release.xcconfig */;
			buildSettings = {
				ASSETCATALOG_COMPILER_APPICON_NAME = AppIcon;
				ASSETCATALOG_COMPILER_GLOBAL_ACCENT_COLOR_NAME = AccentColor;
				CODE_SIGN_STYLE = Automatic;
				DEVELOPMENT_TEAM = 7QQ8S647LF;
				INFOPLIST_FILE = DigitlaPokedex/Info.plist;
				LD_RUNPATH_SEARCH_PATHS = (
					"$(inherited)",
					"@executable_path/Frameworks",
				);
				PRODUCT_BUNDLE_IDENTIFIER = com.cetava.DigitlaPokedex;
				PRODUCT_NAME = "$(TARGET_NAME)";
				SWIFT_VERSION = 5.0;
				TARGETED_DEVICE_FAMILY = "1,2";
			};
			name = Release;
		};
/* End XCBuildConfiguration section */

/* Begin XCConfigurationList section */
		CA1B26052559852F00EA0BAA /* Build configuration list for PBXProject "DigitlaPokedex" */ = {
			isa = XCConfigurationList;
			buildConfigurations = (
				CA1B261C2559853300EA0BAA /* Debug */,
				CA1B261D2559853300EA0BAA /* Release */,
			);
			defaultConfigurationIsVisible = 0;
			defaultConfigurationName = Release;
		};
		CA1B261E2559853300EA0BAA /* Build configuration list for PBXNativeTarget "DigitlaPokedex" */ = {
			isa = XCConfigurationList;
			buildConfigurations = (
				CA1B261F2559853300EA0BAA /* Debug */,
				CA1B26202559853300EA0BAA /* Release */,
			);
			defaultConfigurationIsVisible = 0;
			defaultConfigurationName = Release;
		};
/* End XCConfigurationList section */
	};
	rootObject = CA1B26022559852F00EA0BAA /* Project object */;
}
